// !$*UTF8*$!
{
	archiveVersion = 1;
	classes = {
	};
	objectVersion = 55;
	objects = {

/* Begin PBXBuildFile section */
		A6F288A827DF191B00F94A5B /* AppDelegate.swift in Sources */ = {isa = PBXBuildFile; fileRef = A6F288A727DF191B00F94A5B /* AppDelegate.swift */; };
		A6F288AA27DF191C00F94A5B /* SceneDelegate.swift in Sources */ = {isa = PBXBuildFile; fileRef = A6F288A927DF191C00F94A5B /* SceneDelegate.swift */; };
		A6F288AC27DF191C00F94A5B /* ViewController.swift in Sources */ = {isa = PBXBuildFile; fileRef = A6F288AB27DF191C00F94A5B /* ViewController.swift */; };
		A6F288AF27DF191C00F94A5B /* Main.storyboard in Resources */ = {isa = PBXBuildFile; fileRef = A6F288AD27DF191C00F94A5B /* Main.storyboard */; };
		A6F288B127DF191E00F94A5B /* Assets.xcassets in Resources */ = {isa = PBXBuildFile; fileRef = A6F288B027DF191E00F94A5B /* Assets.xcassets */; };
		A6F288B427DF191E00F94A5B /* LaunchScreen.storyboard in Resources */ = {isa = PBXBuildFile; fileRef = A6F288B227DF191E00F94A5B /* LaunchScreen.storyboard */; };
		A6F288BF27DF191E00F94A5B /* TestLibTests.swift in Sources */ = {isa = PBXBuildFile; fileRef = A6F288BE27DF191E00F94A5B /* TestLibTests.swift */; };
		A6F288C927DF191E00F94A5B /* TestLibUITests.swift in Sources */ = {isa = PBXBuildFile; fileRef = A6F288C827DF191E00F94A5B /* TestLibUITests.swift */; };
		A6F288CB27DF191E00F94A5B /* TestLibUITestsLaunchTests.swift in Sources */ = {isa = PBXBuildFile; fileRef = A6F288CA27DF191E00F94A5B /* TestLibUITestsLaunchTests.swift */; };
		A6F288DA27DF19A400F94A5B /* TestCocoa.swift in Sources */ = {isa = PBXBuildFile; fileRef = A6F288D927DF19A400F94A5B /* TestCocoa.swift */; };
		A6F2891A27DF761600F94A5B /* PRHandler.swift in Sources */ = {isa = PBXBuildFile; fileRef = A6F2891927DF761600F94A5B /* PRHandler.swift */; };
/* End PBXBuildFile section */

/* Begin PBXContainerItemProxy section */
		A6F288BB27DF191E00F94A5B /* PBXContainerItemProxy */ = {
			isa = PBXContainerItemProxy;
			containerPortal = A6F2889C27DF191B00F94A5B /* Project object */;
			proxyType = 1;
			remoteGlobalIDString = A6F288A327DF191B00F94A5B;
			remoteInfo = TestLib;
		};
		A6F288C527DF191E00F94A5B /* PBXContainerItemProxy */ = {
			isa = PBXContainerItemProxy;
			containerPortal = A6F2889C27DF191B00F94A5B /* Project object */;
			proxyType = 1;
			remoteGlobalIDString = A6F288A327DF191B00F94A5B;
			remoteInfo = TestLib;
		};
/* End PBXContainerItemProxy section */

/* Begin PBXFileReference section */
		A6F288A427DF191B00F94A5B /* TestLib.app */ = {isa = PBXFileReference; explicitFileType = wrapper.application; includeInIndex = 0; path = TestLib.app; sourceTree = BUILT_PRODUCTS_DIR; };
		A6F288A727DF191B00F94A5B /* AppDelegate.swift */ = {isa = PBXFileReference; lastKnownFileType = sourcecode.swift; path = AppDelegate.swift; sourceTree = "<group>"; };
		A6F288A927DF191C00F94A5B /* SceneDelegate.swift */ = {isa = PBXFileReference; lastKnownFileType = sourcecode.swift; path = SceneDelegate.swift; sourceTree = "<group>"; };
		A6F288AB27DF191C00F94A5B /* ViewController.swift */ = {isa = PBXFileReference; lastKnownFileType = sourcecode.swift; path = ViewController.swift; sourceTree = "<group>"; };
		A6F288AE27DF191C00F94A5B /* Base */ = {isa = PBXFileReference; lastKnownFileType = file.storyboard; name = Base; path = Base.lproj/Main.storyboard; sourceTree = "<group>"; };
		A6F288B027DF191E00F94A5B /* Assets.xcassets */ = {isa = PBXFileReference; lastKnownFileType = folder.assetcatalog; path = Assets.xcassets; sourceTree = "<group>"; };
		A6F288B327DF191E00F94A5B /* Base */ = {isa = PBXFileReference; lastKnownFileType = file.storyboard; name = Base; path = Base.lproj/LaunchScreen.storyboard; sourceTree = "<group>"; };
		A6F288B527DF191E00F94A5B /* Info.plist */ = {isa = PBXFileReference; lastKnownFileType = text.plist.xml; path = Info.plist; sourceTree = "<group>"; };
		A6F288BA27DF191E00F94A5B /* TestLibTests.xctest */ = {isa = PBXFileReference; explicitFileType = wrapper.cfbundle; includeInIndex = 0; path = TestLibTests.xctest; sourceTree = BUILT_PRODUCTS_DIR; };
		A6F288BE27DF191E00F94A5B /* TestLibTests.swift */ = {isa = PBXFileReference; lastKnownFileType = sourcecode.swift; path = TestLibTests.swift; sourceTree = "<group>"; };
		A6F288C427DF191E00F94A5B /* TestLibUITests.xctest */ = {isa = PBXFileReference; explicitFileType = wrapper.cfbundle; includeInIndex = 0; path = TestLibUITests.xctest; sourceTree = BUILT_PRODUCTS_DIR; };
		A6F288C827DF191E00F94A5B /* TestLibUITests.swift */ = {isa = PBXFileReference; lastKnownFileType = sourcecode.swift; path = TestLibUITests.swift; sourceTree = "<group>"; };
		A6F288CA27DF191E00F94A5B /* TestLibUITestsLaunchTests.swift */ = {isa = PBXFileReference; lastKnownFileType = sourcecode.swift; path = TestLibUITestsLaunchTests.swift; sourceTree = "<group>"; };
		A6F288D927DF19A400F94A5B /* TestCocoa.swift */ = {isa = PBXFileReference; lastKnownFileType = sourcecode.swift; path = TestCocoa.swift; sourceTree = "<group>"; };
		A6F2891927DF761600F94A5B /* PRHandler.swift */ = {isa = PBXFileReference; lastKnownFileType = sourcecode.swift; path = PRHandler.swift; sourceTree = "<group>"; };
/* End PBXFileReference section */

/* Begin PBXFrameworksBuildPhase section */
		A6F288A127DF191B00F94A5B /* Frameworks */ = {
			isa = PBXFrameworksBuildPhase;
			buildActionMask = 2147483647;
			files = (
			);
			runOnlyForDeploymentPostprocessing = 0;
		};
		A6F288B727DF191E00F94A5B /* Frameworks */ = {
			isa = PBXFrameworksBuildPhase;
			buildActionMask = 2147483647;
			files = (
			);
			runOnlyForDeploymentPostprocessing = 0;
		};
		A6F288C127DF191E00F94A5B /* Frameworks */ = {
			isa = PBXFrameworksBuildPhase;
			buildActionMask = 2147483647;
			files = (
			);
			runOnlyForDeploymentPostprocessing = 0;
		};
/* End PBXFrameworksBuildPhase section */

/* Begin PBXGroup section */
		A6F2889B27DF191B00F94A5B = {
			isa = PBXGroup;
			children = (
				A6F288A627DF191B00F94A5B /* TestLib */,
				A6F288BD27DF191E00F94A5B /* TestLibTests */,
				A6F288C727DF191E00F94A5B /* TestLibUITests */,
				A6F288A527DF191B00F94A5B /* Products */,
			);
			sourceTree = "<group>";
		};
		A6F288A527DF191B00F94A5B /* Products */ = {
			isa = PBXGroup;
			children = (
				A6F288A427DF191B00F94A5B /* TestLib.app */,
				A6F288BA27DF191E00F94A5B /* TestLibTests.xctest */,
				A6F288C427DF191E00F94A5B /* TestLibUITests.xctest */,
			);
			name = Products;
			sourceTree = "<group>";
		};
		A6F288A627DF191B00F94A5B /* TestLib */ = {
			isa = PBXGroup;
			children = (
				A6F288A727DF191B00F94A5B /* AppDelegate.swift */,
				A6F288A927DF191C00F94A5B /* SceneDelegate.swift */,
				A6F288AB27DF191C00F94A5B /* ViewController.swift */,
				A6F288B227DF191E00F94A5B /* LaunchScreen.storyboard */,
				A6F288B027DF191E00F94A5B /* Assets.xcassets */,
				A6F288AD27DF191C00F94A5B /* Main.storyboard */,
				A6F288B527DF191E00F94A5B /* Info.plist */,
				A6F288D927DF19A400F94A5B /* TestCocoa.swift */,
				A6F2891927DF761600F94A5B /* PRHandler.swift */,
			);
			path = TestLib;
			sourceTree = "<group>";
		};
		A6F288BD27DF191E00F94A5B /* TestLibTests */ = {
			isa = PBXGroup;
			children = (
				A6F288BE27DF191E00F94A5B /* TestLibTests.swift */,
			);
			path = TestLibTests;
			sourceTree = "<group>";
		};
		A6F288C727DF191E00F94A5B /* TestLibUITests */ = {
			isa = PBXGroup;
			children = (
				A6F288C827DF191E00F94A5B /* TestLibUITests.swift */,
				A6F288CA27DF191E00F94A5B /* TestLibUITestsLaunchTests.swift */,
			);
			path = TestLibUITests;
			sourceTree = "<group>";
		};
/* End PBXGroup section */

/* Begin PBXNativeTarget section */
		A6F288A327DF191B00F94A5B /* TestLib */ = {
			isa = PBXNativeTarget;
			buildConfigurationList = A6F288CE27DF191E00F94A5B /* Build configuration list for PBXNativeTarget "TestLib" */;
			buildPhases = (
				A6F288A027DF191B00F94A5B /* Sources */,
				A6F288A127DF191B00F94A5B /* Frameworks */,
				A6F288A227DF191B00F94A5B /* Resources */,
			);
			buildRules = (
			);
			dependencies = (
			);
			name = TestLib;
			productName = TestLib;
			productReference = A6F288A427DF191B00F94A5B /* TestLib.app */;
			productType = "com.apple.product-type.application";
		};
		A6F288B927DF191E00F94A5B /* TestLibTests */ = {
			isa = PBXNativeTarget;
			buildConfigurationList = A6F288D127DF191E00F94A5B /* Build configuration list for PBXNativeTarget "TestLibTests" */;
			buildPhases = (
				A6F288B627DF191E00F94A5B /* Sources */,
				A6F288B727DF191E00F94A5B /* Frameworks */,
				A6F288B827DF191E00F94A5B /* Resources */,
			);
			buildRules = (
			);
			dependencies = (
				A6F288BC27DF191E00F94A5B /* PBXTargetDependency */,
			);
			name = TestLibTests;
			productName = TestLibTests;
			productReference = A6F288BA27DF191E00F94A5B /* TestLibTests.xctest */;
			productType = "com.apple.product-type.bundle.unit-test";
		};
		A6F288C327DF191E00F94A5B /* TestLibUITests */ = {
			isa = PBXNativeTarget;
			buildConfigurationList = A6F288D427DF191E00F94A5B /* Build configuration list for PBXNativeTarget "TestLibUITests" */;
			buildPhases = (
				A6F288C027DF191E00F94A5B /* Sources */,
				A6F288C127DF191E00F94A5B /* Frameworks */,
				A6F288C227DF191E00F94A5B /* Resources */,
			);
			buildRules = (
			);
			dependencies = (
				A6F288C627DF191E00F94A5B /* PBXTargetDependency */,
			);
			name = TestLibUITests;
			productName = TestLibUITests;
			productReference = A6F288C427DF191E00F94A5B /* TestLibUITests.xctest */;
			productType = "com.apple.product-type.bundle.ui-testing";
		};
/* End PBXNativeTarget section */

/* Begin PBXProject section */
		A6F2889C27DF191B00F94A5B /* Project object */ = {
			isa = PBXProject;
			attributes = {
				BuildIndependentTargetsInParallel = 1;
				LastSwiftUpdateCheck = 1320;
				LastUpgradeCheck = 1320;
				TargetAttributes = {
					A6F288A327DF191B00F94A5B = {
						CreatedOnToolsVersion = 13.2.1;
					};
					A6F288B927DF191E00F94A5B = {
						CreatedOnToolsVersion = 13.2.1;
						TestTargetID = A6F288A327DF191B00F94A5B;
					};
					A6F288C327DF191E00F94A5B = {
						CreatedOnToolsVersion = 13.2.1;
						TestTargetID = A6F288A327DF191B00F94A5B;
					};
				};
			};
			buildConfigurationList = A6F2889F27DF191B00F94A5B /* Build configuration list for PBXProject "TestLib" */;
			compatibilityVersion = "Xcode 13.0";
			developmentRegion = en;
			hasScannedForEncodings = 0;
			knownRegions = (
				en,
				Base,
			);
			mainGroup = A6F2889B27DF191B00F94A5B;
			productRefGroup = A6F288A527DF191B00F94A5B /* Products */;
			projectDirPath = "";
			projectRoot = "";
			targets = (
				A6F288A327DF191B00F94A5B /* TestLib */,
				A6F288B927DF191E00F94A5B /* TestLibTests */,
				A6F288C327DF191E00F94A5B /* TestLibUITests */,
			);
		};
/* End PBXProject section */

/* Begin PBXResourcesBuildPhase section */
		A6F288A227DF191B00F94A5B /* Resources */ = {
			isa = PBXResourcesBuildPhase;
			buildActionMask = 2147483647;
			files = (
				A6F288B427DF191E00F94A5B /* LaunchScreen.storyboard in Resources */,
				A6F288B127DF191E00F94A5B /* Assets.xcassets in Resources */,
				A6F288AF27DF191C00F94A5B /* Main.storyboard in Resources */,
			);
			runOnlyForDeploymentPostprocessing = 0;
		};
		A6F288B827DF191E00F94A5B /* Resources */ = {
			isa = PBXResourcesBuildPhase;
			buildActionMask = 2147483647;
			files = (
			);
			runOnlyForDeploymentPostprocessing = 0;
		};
		A6F288C227DF191E00F94A5B /* Resources */ = {
			isa = PBXResourcesBuildPhase;
			buildActionMask = 2147483647;
			files = (
			);
			runOnlyForDeploymentPostprocessing = 0;
		};
/* End PBXResourcesBuildPhase section */

/* Begin PBXSourcesBuildPhase section */
		A6F288A027DF191B00F94A5B /* Sources */ = {
			isa = PBXSourcesBuildPhase;
			buildActionMask = 2147483647;
			files = (
				A6F288AC27DF191C00F94A5B /* ViewController.swift in Sources */,
				A6F288A827DF191B00F94A5B /* AppDelegate.swift in Sources */,
				A6F2891A27DF761600F94A5B /* PRHandler.swift in Sources */,
				A6F288AA27DF191C00F94A5B /* SceneDelegate.swift in Sources */,
				A6F288DA27DF19A400F94A5B /* TestCocoa.swift in Sources */,
			);
			runOnlyForDeploymentPostprocessing = 0;
		};
		A6F288B627DF191E00F94A5B /* Sources */ = {
			isa = PBXSourcesBuildPhase;
			buildActionMask = 2147483647;
			files = (
				A6F288BF27DF191E00F94A5B /* TestLibTests.swift in Sources */,
			);
			runOnlyForDeploymentPostprocessing = 0;
		};
		A6F288C027DF191E00F94A5B /* Sources */ = {
			isa = PBXSourcesBuildPhase;
			buildActionMask = 2147483647;
			files = (
				A6F288CB27DF191E00F94A5B /* TestLibUITestsLaunchTests.swift in Sources */,
				A6F288C927DF191E00F94A5B /* TestLibUITests.swift in Sources */,
			);
			runOnlyForDeploymentPostprocessing = 0;
		};
/* End PBXSourcesBuildPhase section */

/* Begin PBXTargetDependency section */
		A6F288BC27DF191E00F94A5B /* PBXTargetDependency */ = {
			isa = PBXTargetDependency;
			target = A6F288A327DF191B00F94A5B /* TestLib */;
			targetProxy = A6F288BB27DF191E00F94A5B /* PBXContainerItemProxy */;
		};
		A6F288C627DF191E00F94A5B /* PBXTargetDependency */ = {
			isa = PBXTargetDependency;
			target = A6F288A327DF191B00F94A5B /* TestLib */;
			targetProxy = A6F288C527DF191E00F94A5B /* PBXContainerItemProxy */;
		};
/* End PBXTargetDependency section */

/* Begin PBXVariantGroup section */
		A6F288AD27DF191C00F94A5B /* Main.storyboard */ = {
			isa = PBXVariantGroup;
			children = (
				A6F288AE27DF191C00F94A5B /* Base */,
			);
			name = Main.storyboard;
			sourceTree = "<group>";
		};
		A6F288B227DF191E00F94A5B /* LaunchScreen.storyboard */ = {
			isa = PBXVariantGroup;
			children = (
				A6F288B327DF191E00F94A5B /* Base */,
			);
			name = LaunchScreen.storyboard;
			sourceTree = "<group>";
		};
/* End PBXVariantGroup section */

/* Begin XCBuildConfiguration section */
		A6F288CC27DF191E00F94A5B /* Debug */ = {
			isa = XCBuildConfiguration;
			buildSettings = {
				ALWAYS_SEARCH_USER_PATHS = NO;
				CLANG_ANALYZER_NONNULL = YES;
				CLANG_ANALYZER_NUMBER_OBJECT_CONVERSION = YES_AGGRESSIVE;
				CLANG_CXX_LANGUAGE_STANDARD = "gnu++17";
				CLANG_CXX_LIBRARY = "libc++";
				CLANG_ENABLE_MODULES = YES;
				CLANG_ENABLE_OBJC_ARC = YES;
				CLANG_ENABLE_OBJC_WEAK = YES;
				CLANG_WARN_BLOCK_CAPTURE_AUTORELEASING = YES;
				CLANG_WARN_BOOL_CONVERSION = YES;
				CLANG_WARN_COMMA = YES;
				CLANG_WARN_CONSTANT_CONVERSION = YES;
				CLANG_WARN_DEPRECATED_OBJC_IMPLEMENTATIONS = YES;
				CLANG_WARN_DIRECT_OBJC_ISA_USAGE = YES_ERROR;
				CLANG_WARN_DOCUMENTATION_COMMENTS = YES;
				CLANG_WARN_EMPTY_BODY = YES;
				CLANG_WARN_ENUM_CONVERSION = YES;
				CLANG_WARN_INFINITE_RECURSION = YES;
				CLANG_WARN_INT_CONVERSION = YES;
				CLANG_WARN_NON_LITERAL_NULL_CONVERSION = YES;
				CLANG_WARN_OBJC_IMPLICIT_RETAIN_SELF = YES;
				CLANG_WARN_OBJC_LITERAL_CONVERSION = YES;
				CLANG_WARN_OBJC_ROOT_CLASS = YES_ERROR;
				CLANG_WARN_QUOTED_INCLUDE_IN_FRAMEWORK_HEADER = YES;
				CLANG_WARN_RANGE_LOOP_ANALYSIS = YES;
				CLANG_WARN_STRICT_PROTOTYPES = YES;
				CLANG_WARN_SUSPICIOUS_MOVE = YES;
				CLANG_WARN_UNGUARDED_AVAILABILITY = YES_AGGRESSIVE;
				CLANG_WARN_UNREACHABLE_CODE = YES;
				CLANG_WARN__DUPLICATE_METHOD_MATCH = YES;
				COPY_PHASE_STRIP = NO;
				DEBUG_INFORMATION_FORMAT = dwarf;
				ENABLE_STRICT_OBJC_MSGSEND = YES;
				ENABLE_TESTABILITY = YES;
				GCC_C_LANGUAGE_STANDARD = gnu11;
				GCC_DYNAMIC_NO_PIC = NO;
				GCC_NO_COMMON_BLOCKS = YES;
				GCC_OPTIMIZATION_LEVEL = 0;
				GCC_PREPROCESSOR_DEFINITIONS = (
					"DEBUG=1",
					"$(inherited)",
				);
				GCC_WARN_64_TO_32_BIT_CONVERSION = YES;
				GCC_WARN_ABOUT_RETURN_TYPE = YES_ERROR;
				GCC_WARN_UNDECLARED_SELECTOR = YES;
				GCC_WARN_UNINITIALIZED_AUTOS = YES_AGGRESSIVE;
				GCC_WARN_UNUSED_FUNCTION = YES;
				GCC_WARN_UNUSED_VARIABLE = YES;
				IPHONEOS_DEPLOYMENT_TARGET = 13.0;
				MTL_ENABLE_DEBUG_INFO = INCLUDE_SOURCE;
				MTL_FAST_MATH = YES;
				ONLY_ACTIVE_ARCH = YES;
				SDKROOT = iphoneos;
				SWIFT_ACTIVE_COMPILATION_CONDITIONS = DEBUG;
				SWIFT_OPTIMIZATION_LEVEL = "-Onone";
			};
			name = Debug;
		};
		A6F288CD27DF191E00F94A5B /* Release */ = {
			isa = XCBuildConfiguration;
			buildSettings = {
				ALWAYS_SEARCH_USER_PATHS = NO;
				CLANG_ANALYZER_NONNULL = YES;
				CLANG_ANALYZER_NUMBER_OBJECT_CONVERSION = YES_AGGRESSIVE;
				CLANG_CXX_LANGUAGE_STANDARD = "gnu++17";
				CLANG_CXX_LIBRARY = "libc++";
				CLANG_ENABLE_MODULES = YES;
				CLANG_ENABLE_OBJC_ARC = YES;
				CLANG_ENABLE_OBJC_WEAK = YES;
				CLANG_WARN_BLOCK_CAPTURE_AUTORELEASING = YES;
				CLANG_WARN_BOOL_CONVERSION = YES;
				CLANG_WARN_COMMA = YES;
				CLANG_WARN_CONSTANT_CONVERSION = YES;
				CLANG_WARN_DEPRECATED_OBJC_IMPLEMENTATIONS = YES;
				CLANG_WARN_DIRECT_OBJC_ISA_USAGE = YES_ERROR;
				CLANG_WARN_DOCUMENTATION_COMMENTS = YES;
				CLANG_WARN_EMPTY_BODY = YES;
				CLANG_WARN_ENUM_CONVERSION = YES;
				CLANG_WARN_INFINITE_RECURSION = YES;
				CLANG_WARN_INT_CONVERSION = YES;
				CLANG_WARN_NON_LITERAL_NULL_CONVERSION = YES;
				CLANG_WARN_OBJC_IMPLICIT_RETAIN_SELF = YES;
				CLANG_WARN_OBJC_LITERAL_CONVERSION = YES;
				CLANG_WARN_OBJC_ROOT_CLASS = YES_ERROR;
				CLANG_WARN_QUOTED_INCLUDE_IN_FRAMEWORK_HEADER = YES;
				CLANG_WARN_RANGE_LOOP_ANALYSIS = YES;
				CLANG_WARN_STRICT_PROTOTYPES = YES;
				CLANG_WARN_SUSPICIOUS_MOVE = YES;
				CLANG_WARN_UNGUARDED_AVAILABILITY = YES_AGGRESSIVE;
				CLANG_WARN_UNREACHABLE_CODE = YES;
				CLANG_WARN__DUPLICATE_METHOD_MATCH = YES;
				COPY_PHASE_STRIP = NO;
				DEBUG_INFORMATION_FORMAT = "dwarf-with-dsym";
				ENABLE_NS_ASSERTIONS = NO;
				ENABLE_STRICT_OBJC_MSGSEND = YES;
				GCC_C_LANGUAGE_STANDARD = gnu11;
				GCC_NO_COMMON_BLOCKS = YES;
				GCC_WARN_64_TO_32_BIT_CONVERSION = YES;
				GCC_WARN_ABOUT_RETURN_TYPE = YES_ERROR;
				GCC_WARN_UNDECLARED_SELECTOR = YES;
				GCC_WARN_UNINITIALIZED_AUTOS = YES_AGGRESSIVE;
				GCC_WARN_UNUSED_FUNCTION = YES;
				GCC_WARN_UNUSED_VARIABLE = YES;
				IPHONEOS_DEPLOYMENT_TARGET = 13.0;
				MTL_ENABLE_DEBUG_INFO = NO;
				MTL_FAST_MATH = YES;
				SDKROOT = iphoneos;
				SWIFT_COMPILATION_MODE = wholemodule;
				SWIFT_OPTIMIZATION_LEVEL = "-O";
				VALIDATE_PRODUCT = YES;
			};
			name = Release;
		};
		A6F288CF27DF191E00F94A5B /* Debug */ = {
			isa = XCBuildConfiguration;
			buildSettings = {
				ASSETCATALOG_COMPILER_APPICON_NAME = AppIcon;
				ASSETCATALOG_COMPILER_GLOBAL_ACCENT_COLOR_NAME = AccentColor;
				CODE_SIGN_IDENTITY = "Apple Development";
				CODE_SIGN_STYLE = Automatic;
				CURRENT_PROJECT_VERSION = 1;
				DEVELOPMENT_TEAM = 9HY5MM9364;
				GENERATE_INFOPLIST_FILE = YES;
				INFOPLIST_FILE = TestLib/Info.plist;
				INFOPLIST_KEY_UIApplicationSupportsIndirectInputEvents = YES;
				INFOPLIST_KEY_UILaunchStoryboardName = LaunchScreen;
				INFOPLIST_KEY_UIMainStoryboardFile = Main;
				INFOPLIST_KEY_UISupportedInterfaceOrientations_iPad = "UIInterfaceOrientationPortrait UIInterfaceOrientationPortraitUpsideDown UIInterfaceOrientationLandscapeLeft UIInterfaceOrientationLandscapeRight";
				INFOPLIST_KEY_UISupportedInterfaceOrientations_iPhone = "UIInterfaceOrientationPortrait UIInterfaceOrientationLandscapeLeft UIInterfaceOrientationLandscapeRight";
				IPHONEOS_DEPLOYMENT_TARGET = 13.0;
				LD_RUNPATH_SEARCH_PATHS = (
					"$(inherited)",
					"@executable_path/Frameworks",
				);
				MARKETING_VERSION = 1.0;
				PRODUCT_BUNDLE_IDENTIFIER = "Spectus-Infotech.TestLib";
				PRODUCT_NAME = "$(TARGET_NAME)";
				PROVISIONING_PROFILE_SPECIFIER = "";
				SWIFT_EMIT_LOC_STRINGS = YES;
				SWIFT_VERSION = 5.0;
				TARGETED_DEVICE_FAMILY = 1;
			};
			name = Debug;
		};
		A6F288D027DF191E00F94A5B /* Release */ = {
			isa = XCBuildConfiguration;
			buildSettings = {
				ASSETCATALOG_COMPILER_APPICON_NAME = AppIcon;
				ASSETCATALOG_COMPILER_GLOBAL_ACCENT_COLOR_NAME = AccentColor;
				CODE_SIGN_IDENTITY = "Apple Development";
				CODE_SIGN_STYLE = Automatic;
				CURRENT_PROJECT_VERSION = 1;
				DEVELOPMENT_TEAM = 9HY5MM9364;
				GENERATE_INFOPLIST_FILE = YES;
				INFOPLIST_FILE = TestLib/Info.plist;
				INFOPLIST_KEY_UIApplicationSupportsIndirectInputEvents = YES;
				INFOPLIST_KEY_UILaunchStoryboardName = LaunchScreen;
				INFOPLIST_KEY_UIMainStoryboardFile = Main;
				INFOPLIST_KEY_UISupportedInterfaceOrientations_iPad = "UIInterfaceOrientationPortrait UIInterfaceOrientationPortraitUpsideDown UIInterfaceOrientationLandscapeLeft UIInterfaceOrientationLandscapeRight";
				INFOPLIST_KEY_UISupportedInterfaceOrientations_iPhone = "UIInterfaceOrientationPortrait UIInterfaceOrientationLandscapeLeft UIInterfaceOrientationLandscapeRight";
				IPHONEOS_DEPLOYMENT_TARGET = 13.0;
				LD_RUNPATH_SEARCH_PATHS = (
					"$(inherited)",
					"@executable_path/Frameworks",
				);
				MARKETING_VERSION = 1.0;
				PRODUCT_BUNDLE_IDENTIFIER = "Spectus-Infotech.TestLib";
				PRODUCT_NAME = "$(TARGET_NAME)";
				PROVISIONING_PROFILE_SPECIFIER = "";
				SWIFT_EMIT_LOC_STRINGS = YES;
				SWIFT_VERSION = 5.0;
				TARGETED_DEVICE_FAMILY = 1;
			};
			name = Release;
		};
		A6F288D227DF191E00F94A5B /* Debug */ = {
			isa = XCBuildConfiguration;
			buildSettings = {
				ALWAYS_EMBED_SWIFT_STANDARD_LIBRARIES = YES;
				BUNDLE_LOADER = "$(TEST_HOST)";
				CODE_SIGN_STYLE = Automatic;
				CURRENT_PROJECT_VERSION = 1;
				GENERATE_INFOPLIST_FILE = YES;
				IPHONEOS_DEPLOYMENT_TARGET = 15.2;
				MARKETING_VERSION = 1.0;
				PRODUCT_BUNDLE_IDENTIFIER = "Spectus-Infotech.TestLibTests";
				PRODUCT_NAME = "$(TARGET_NAME)";
				SWIFT_EMIT_LOC_STRINGS = NO;
				SWIFT_VERSION = 5.0;
				TARGETED_DEVICE_FAMILY = "1,2";
				TEST_HOST = "$(BUILT_PRODUCTS_DIR)/TestLib.app/TestLib";
			};
			name = Debug;
		};
		A6F288D327DF191E00F94A5B /* Release */ = {
			isa = XCBuildConfiguration;
			buildSettings = {
				ALWAYS_EMBED_SWIFT_STANDARD_LIBRARIES = YES;
				BUNDLE_LOADER = "$(TEST_HOST)";
				CODE_SIGN_STYLE = Automatic;
				CURRENT_PROJECT_VERSION = 1;
				GENERATE_INFOPLIST_FILE = YES;
				IPHONEOS_DEPLOYMENT_TARGET = 15.2;
				MARKETING_VERSION = 1.0;
				PRODUCT_BUNDLE_IDENTIFIER = "Spectus-Infotech.TestLibTests";
				PRODUCT_NAME = "$(TARGET_NAME)";
				SWIFT_EMIT_LOC_STRINGS = NO;
				SWIFT_VERSION = 5.0;
				TARGETED_DEVICE_FAMILY = "1,2";
				TEST_HOST = "$(BUILT_PRODUCTS_DIR)/TestLib.app/TestLib";
			};
			name = Release;
		};
		A6F288D527DF191E00F94A5B /* Debug */ = {
			isa = XCBuildConfiguration;
			buildSettings = {
				ALWAYS_EMBED_SWIFT_STANDARD_LIBRARIES = YES;
				CODE_SIGN_STYLE = Automatic;
				CURRENT_PROJECT_VERSION = 1;
				GENERATE_INFOPLIST_FILE = YES;
				MARKETING_VERSION = 1.0;
				PRODUCT_BUNDLE_IDENTIFIER = "Spectus-Infotech.TestLibUITests";
				PRODUCT_NAME = "$(TARGET_NAME)";
				SWIFT_EMIT_LOC_STRINGS = NO;
				SWIFT_VERSION = 5.0;
				TARGETED_DEVICE_FAMILY = "1,2";
				TEST_TARGET_NAME = TestLib;
			};
			name = Debug;
		};
		A6F288D627DF191E00F94A5B /* Release */ = {
			isa = XCBuildConfiguration;
			buildSettings = {
				ALWAYS_EMBED_SWIFT_STANDARD_LIBRARIES = YES;
				CODE_SIGN_STYLE = Automatic;
				CURRENT_PROJECT_VERSION = 1;
				GENERATE_INFOPLIST_FILE = YES;
				MARKETING_VERSION = 1.0;
				PRODUCT_BUNDLE_IDENTIFIER = "Spectus-Infotech.TestLibUITests";
				PRODUCT_NAME = "$(TARGET_NAME)";
				SWIFT_EMIT_LOC_STRINGS = NO;
				SWIFT_VERSION = 5.0;
				TARGETED_DEVICE_FAMILY = "1,2";
				TEST_TARGET_NAME = TestLib;
			};
			name = Release;
		};
/* End XCBuildConfiguration section */

/* Begin XCConfigurationList section */
		A6F2889F27DF191B00F94A5B /* Build configuration list for PBXProject "TestLib" */ = {
			isa = XCConfigurationList;
			buildConfigurations = (
				A6F288CC27DF191E00F94A5B /* Debug */,
				A6F288CD27DF191E00F94A5B /* Release */,
			);
			defaultConfigurationIsVisible = 0;
			defaultConfigurationName = Release;
		};
		A6F288CE27DF191E00F94A5B /* Build configuration list for PBXNativeTarget "TestLib" */ = {
			isa = XCConfigurationList;
			buildConfigurations = (
				A6F288CF27DF191E00F94A5B /* Debug */,
				A6F288D027DF191E00F94A5B /* Release */,
			);
			defaultConfigurationIsVisible = 0;
			defaultConfigurationName = Release;
		};
		A6F288D127DF191E00F94A5B /* Build configuration list for PBXNativeTarget "TestLibTests" */ = {
			isa = XCConfigurationList;
			buildConfigurations = (
				A6F288D227DF191E00F94A5B /* Debug */,
				A6F288D327DF191E00F94A5B /* Release */,
			);
			defaultConfigurationIsVisible = 0;
			defaultConfigurationName = Release;
		};
		A6F288D427DF191E00F94A5B /* Build configuration list for PBXNativeTarget "TestLibUITests" */ = {
			isa = XCConfigurationList;
			buildConfigurations = (
				A6F288D527DF191E00F94A5B /* Debug */,
				A6F288D627DF191E00F94A5B /* Release */,
			);
			defaultConfigurationIsVisible = 0;
			defaultConfigurationName = Release;
		};
/* End XCConfigurationList section */
	};
	rootObject = A6F2889C27DF191B00F94A5B /* Project object */;
}
